
Microsoft Visual Studio Solution File, Format Version 12.00
# Visual Studio Version 17
VisualStudioVersion = 17.1.32228.430
MinimumVisualStudioVersion = 10.0.40219.1
Project("{FAE04EC0-301F-11D3-BF4B-00C04F79EFBC}") = "ConsoleApp2", "ConsoleApp2\ConsoleApp2.csproj", "{276ECC85-4D27-4659-8208-3A107E801656}"
EndProject
Global
	GlobalSection(SolutionConfigurationPlatforms) = preSolution
		Debug|Any CPU = Debug|Any CPU
		Release|Any CPU = Release|Any CPU
	EndGlobalSection
	GlobalSection(ProjectConfigurationPlatforms) = postSolution
		{276ECC85-4D27-4659-8208-3A107E801656}.Debug|Any CPU.ActiveCfg = Debug|Any CPU
		{276ECC85-4D27-4659-8208-3A107E801656}.Debug|Any CPU.Build.0 = Debug|Any CPU
		{276ECC85-4D27-4659-8208-3A107E801656}.Release|Any CPU.ActiveCfg = Release|Any CPU
		{276ECC85-4D27-4659-8208-3A107E801656}.Release|Any CPU.Build.0 = Release|Any CPU
	EndGlobalSection
	GlobalSection(SolutionProperties) = preSolution
		HideSolutionNode = FALSE
	EndGlobalSection
	GlobalSection(ExtensibilityGlobals) = postSolution
		SolutionGuid = {6958B393-8B89-4A7B-BBDE-2270E03C88F9}
	EndGlobalSection
EndGlobal
